{
  "name": "mp3tagsupdate",
  "version": "1.0.0",
  "lockfileVersion": 1,
  "requires": true,
  "dependencies": {
    "iconv-lite": {
      "version": "0.6.2",
      "resolved": "https://registry.npmjs.org/iconv-lite/-/iconv-lite-0.6.2.tgz",
      "integrity": "sha512-2y91h5OpQlolefMPmUlivelittSWy0rP+oYVpn6A7GwVHNE8AWzoYOBNmlwks3LobaJxgHCYZAnyNo2GgpNRNQ==",
      "dev": true,
      "requires": {
        "safer-buffer": ">= 2.1.2 < 3.0.0"
      }
    },
    "node-id3": {
      "version": "0.2.5",
      "resolved": "https://registry.npmjs.org/node-id3/-/node-id3-0.2.5.tgz",
      "integrity": "sha512-JxxZPKhquip9b2U4z3B/FhNzPwYTPIzOD0i0C9KTK2mqIWv3fdqLOnTSaLrybor0J4+QA8nXJRlw24Fp8lFeGw==",
      "dev": true,
      "requires": {
        "iconv-lite": "0.6.2"
      }
    },
    "safer-buffer": {
      "version": "2.1.2",
      "resolved": "https://registry.npmjs.org/safer-buffer/-/safer-buffer-2.1.2.tgz",
      "integrity": "sha512-YZo3K82SD7Riyi0E1EQPojLz7kpepnSQI9IyPbHHg1XXXevb5dJI7tpyN2ADxGcQbHG7vcyRHk0cbwqcQriUtg==",
      "dev": true
    }
  }
}
